
Microsoft Visual Studio Solution File, Format Version 12.00
# Visual Studio Version 16
VisualStudioVersion = 16.0.30204.135
MinimumVisualStudioVersion = 10.0.40219.1
Project("{FAE04EC0-301F-11D3-BF4B-00C04F79EFBC}") = "CustomIdentity", "CustomIdentity.csproj", "{23212D7C-CAD7-4EDE-89E6-5771771398F7}"
EndProject
Global
	GlobalSection(SolutionConfigurationPlatforms) = preSolution
		Debug|Any CPU = Debug|Any CPU
		Release|Any CPU = Release|Any CPU
	EndGlobalSection
	GlobalSection(ProjectConfigurationPlatforms) = postSolution
		{23212D7C-CAD7-4EDE-89E6-5771771398F7}.Debug|Any CPU.ActiveCfg = Debug|Any CPU
		{23212D7C-CAD7-4EDE-89E6-5771771398F7}.Debug|Any CPU.Build.0 = Debug|Any CPU
		{23212D7C-CAD7-4EDE-89E6-5771771398F7}.Release|Any CPU.ActiveCfg = Release|Any CPU
		{23212D7C-CAD7-4EDE-89E6-5771771398F7}.Release|Any CPU.Build.0 = Release|Any CPU
	EndGlobalSection
	GlobalSection(SolutionProperties) = preSolution
		HideSolutionNode = FALSE
	EndGlobalSection
	GlobalSection(ExtensibilityGlobals) = postSolution
		SolutionGuid = {58FB1803-4C4A-43AC-9E34-D742881F5D37}
	EndGlobalSection
EndGlobal
